
Microsoft Visual Studio Solution File, Format Version 12.00
# Visual Studio Version 16
VisualStudioVersion = 16.0.32106.194
MinimumVisualStudioVersion = 10.0.40219.1
Project("{9A19103F-16F7-4668-BE54-9A1E7A4F7556}") = "LoopsAndRandomNumbers", "LoopsAndRandomNumbers\LoopsAndRandomNumbers.csproj", "{1AA852F5-183F-445A-95C1-0EB5A64A8A74}"
EndProject
Project("{FAE04EC0-301F-11D3-BF4B-00C04F79EFBC}") = "PINInfiniteLoop", "PINInfiniteLoop\PINInfiniteLoop.csproj", "{2338D575-D6FA-461B-A913-D489D58B3BFC}"
EndProject
Project("{FAE04EC0-301F-11D3-BF4B-00C04F79EFBC}") = "RandomNumber", "RandomNumber\RandomNumber.csproj", "{0C8D863D-3814-47D6-BE64-8D84E95B3092}"
EndProject
Project("{FAE04EC0-301F-11D3-BF4B-00C04F79EFBC}") = "GuessingGameInfinite", "GuessingGameInfinite\GuessingGameInfinite.csproj", "{359B811F-AE97-4333-AF4F-A84BCC1E7F33}"
EndProject
Project("{FAE04EC0-301F-11D3-BF4B-00C04F79EFBC}") = "GuessingGameThreeTries", "GuessingGameThreeTries\GuessingGameThreeTries.csproj", "{8307BAA3-57AC-46E1-ADB9-7C2DBE2FEEC4}"
EndProject
Global
	GlobalSection(SolutionConfigurationPlatforms) = preSolution
		Debug|Any CPU = Debug|Any CPU
		Release|Any CPU = Release|Any CPU
	EndGlobalSection
	GlobalSection(ProjectConfigurationPlatforms) = postSolution
		{1AA852F5-183F-445A-95C1-0EB5A64A8A74}.Debug|Any CPU.ActiveCfg = Debug|Any CPU
		{1AA852F5-183F-445A-95C1-0EB5A64A8A74}.Debug|Any CPU.Build.0 = Debug|Any CPU
		{1AA852F5-183F-445A-95C1-0EB5A64A8A74}.Release|Any CPU.ActiveCfg = Release|Any CPU
		{1AA852F5-183F-445A-95C1-0EB5A64A8A74}.Release|Any CPU.Build.0 = Release|Any CPU
		{2338D575-D6FA-461B-A913-D489D58B3BFC}.Debug|Any CPU.ActiveCfg = Debug|Any CPU
		{2338D575-D6FA-461B-A913-D489D58B3BFC}.Debug|Any CPU.Build.0 = Debug|Any CPU
		{2338D575-D6FA-461B-A913-D489D58B3BFC}.Release|Any CPU.ActiveCfg = Release|Any CPU
		{2338D575-D6FA-461B-A913-D489D58B3BFC}.Release|Any CPU.Build.0 = Release|Any CPU
		{0C8D863D-3814-47D6-BE64-8D84E95B3092}.Debug|Any CPU.ActiveCfg = Debug|Any CPU
		{0C8D863D-3814-47D6-BE64-8D84E95B3092}.Debug|Any CPU.Build.0 = Debug|Any CPU
		{0C8D863D-3814-47D6-BE64-8D84E95B3092}.Release|Any CPU.ActiveCfg = Release|Any CPU
		{0C8D863D-3814-47D6-BE64-8D84E95B3092}.Release|Any CPU.Build.0 = Release|Any CPU
		{359B811F-AE97-4333-AF4F-A84BCC1E7F33}.Debug|Any CPU.ActiveCfg = Debug|Any CPU
		{359B811F-AE97-4333-AF4F-A84BCC1E7F33}.Debug|Any CPU.Build.0 = Debug|Any CPU
		{359B811F-AE97-4333-AF4F-A84BCC1E7F33}.Release|Any CPU.ActiveCfg = Release|Any CPU
		{359B811F-AE97-4333-AF4F-A84BCC1E7F33}.Release|Any CPU.Build.0 = Release|Any CPU
		{8307BAA3-57AC-46E1-ADB9-7C2DBE2FEEC4}.Debug|Any CPU.ActiveCfg = Debug|Any CPU
		{8307BAA3-57AC-46E1-ADB9-7C2DBE2FEEC4}.Debug|Any CPU.Build.0 = Debug|Any CPU
		{8307BAA3-57AC-46E1-ADB9-7C2DBE2FEEC4}.Release|Any CPU.ActiveCfg = Release|Any CPU
		{8307BAA3-57AC-46E1-ADB9-7C2DBE2FEEC4}.Release|Any CPU.Build.0 = Release|Any CPU
	EndGlobalSection
	GlobalSection(SolutionProperties) = preSolution
		HideSolutionNode = FALSE
	EndGlobalSection
	GlobalSection(ExtensibilityGlobals) = postSolution
		SolutionGuid = {2021914A-0566-42AE-A96C-452033A8B449}
	EndGlobalSection
EndGlobal
